
Microsoft Visual Studio Solution File, Format Version 12.00
# Visual Studio Version 16
VisualStudioVersion = 16.0.29102.190
MinimumVisualStudioVersion = 10.0.40219.1
Project("{9A19103F-16F7-4668-BE54-9A1E7A4F7556}") = "SampleFunctions", "SampleFunctions.csproj", "{A3CF6FD7-FB35-4AD3-9C17-80E460B8E6D4}"
EndProject
Global
	GlobalSection(SolutionConfigurationPlatforms) = preSolution
		Debug|Any CPU = Debug|Any CPU
		Release|Any CPU = Release|Any CPU
	EndGlobalSection
	GlobalSection(ProjectConfigurationPlatforms) = postSolution
		{A3CF6FD7-FB35-4AD3-9C17-80E460B8E6D4}.Debug|Any CPU.ActiveCfg = Debug|Any CPU
		{A3CF6FD7-FB35-4AD3-9C17-80E460B8E6D4}.Debug|Any CPU.Build.0 = Debug|Any CPU
		{A3CF6FD7-FB35-4AD3-9C17-80E460B8E6D4}.Release|Any CPU.ActiveCfg = Release|Any CPU
		{A3CF6FD7-FB35-4AD3-9C17-80E460B8E6D4}.Release|Any CPU.Build.0 = Release|Any CPU
	EndGlobalSection
	GlobalSection(SolutionProperties) = preSolution
		HideSolutionNode = FALSE
	EndGlobalSection
	GlobalSection(ExtensibilityGlobals) = postSolution
		SolutionGuid = {554762B6-58F6-4931-83DC-96FCFF350676}
	EndGlobalSection
EndGlobal
